# Reviewed lock for the Control helper virtualenv.
# Direct: cryptography, PyYAML. Transitive: cffi, pycparser.
# Wheels only (CPython 3.12, manylinux x86_64 and aarch64, plus pure-Python).
# Install with: python -m pip install --require-virtualenv --require-hashes --only-binary=:all: -r requirements.lock

cryptography==50.0.2 \
    --hash=sha256:79def8d059362e7831389ed3be0ecdf58a89386e1271e35dd9f5af84e81bffd0 \
    --hash=sha256:630ebfea3bf689d075f82316324ff7433dc447fe6bc1bfc76524b74b4a9567d2 \
    --hash=sha256:f9f6143a8c75945eb960d9eb98905a441394abfa24afaae239d514ffb2586480 \
    --hash=sha256:4061c0079120205fb760c58acab6443e217307dcf05e3702cf970e0689972856 \
    --hash=sha256:87e9ce85beb6b328ba370cc6e6aea483c92617b4c95b1d33a49297eb662bfb04 \
    --hash=sha256:9dab55f57c74c3cad24c323bacbbd04be4705ba6eb0d92e920b1fc4837ed5079 \
    --hash=sha256:d370b8d1dfcdf7130178137f6fbee6140774a1acc6cacefc4b42643ec11d0a3a \
    --hash=sha256:f2f9bd7f90c64fe89253f0a2c05e3c4856072660429ce8831b4235bf29403a67 \
    --hash=sha256:e275096ea1e60cc595cda2836fd4a6c725d1125108b868be17f53684d164e2cc \
    --hash=sha256:58a0c478eeca76fe5e07993c5a0703def34a6dc6a0cda4f5564639b33112ffe7 \
    --hash=sha256:fdd28f912fccfec1846a94e2e1e8f9b0012f557f0c46fe4f3eb0d7a87afcf90b \
    --hash=sha256:e105ab60406787da31fccc883fc0f733af1efd78f0136a4599692c4083a73d0c \
    --hash=sha256:c5e67125c7dca78d199ec4e116aa93dbb83494808ecbb8211a2cb09b1bf41dbd \
    --hash=sha256:ee247f5c245c9a2fe7c8e2214e295918838e44e00a45a6718451e4004219e767 \
    --hash=sha256:dfe9763530994147d9af1def057a5b9658b00e8f8fe8743d144d1e0911c2e454 \
    --hash=sha256:f21e8a22c8605750c7af886bab299a363721264061b4ac0a30efb73cfd58efc5 \
    --hash=sha256:0ddc924c04591c2811ca024d62ecad4f7f6f08af8939c211438f48a16bd23602 \
    --hash=sha256:1981f1db4630889b9ef7803fadef12b056f428cb6b85c27ba57b774793b6093c \
    --hash=sha256:92e665960f25fcdc73725b9cec7a3824f279ba97a98653afe9ffac2e43668f67 \
    --hash=sha256:eef4c2f3423810b3070ab391f85436d2f8bbfcb286ac15cbc73190b3563b1f1a \
    --hash=sha256:7c6d0330c472d96f6a6afe24d80dfdf15176c33096f0a4397ae4c60f3dd3be48 \
    --hash=sha256:1ba34f04897fcdaa73f74145c25f3ec146fbd56593853e88adc2e811303c5f42

cffi==2.1.1 \
    --hash=sha256:68e62fe11f30d5ca8289242866f0a5291402d8529ca2178ab8afc5c9694ae890 \
    --hash=sha256:c1453022f490d2459a11819d83ad1d586e9ff65a12ac3e705ffebd46d3685dcf

pycparser==3.0 \
    --hash=sha256:b727414169a36b7d524c1c3e31839a521725078d7b2ff038656844266160a992

PyYAML==6.0.2 \
    --hash=sha256:80bab7bfc629882493af4aa31a4cfa43a4c57c83813253626916b8c7ada83476 \
    --hash=sha256:1f71ea527786de97d1a0cc0eacd1defc0985dcf6b3f17bb77dcfc8c34bec4dc5

